github.com/bmizerany/pq v0.0.0-20131128184720-da2b95e392c1 h1:1clOQIolnXGoH1SUo8ZPgdfOWFp/6i8NuRerrVL/TAc=
github.com/bmizerany/pq v0.0.0-20131128184720-da2b95e392c1/go.mod h1:YR6v6TjYGQnPky7rSf5U+AiQ4+EHIVmFYbhHUPo5L2U=
github.com/go-sql-driver/mysql v1.5.0 h1:ozyZYNQW3x3HtqT1jira07DN2PArx2v7/mN66gGcHOs=
github.com/go-sql-driver/mysql v1.5.0/go.mod h1:DCzpHaOWr8IXmIStZouvnhqoel9Qv2LBy8hT2VhHyBg=
github.com/mattn/go-sqlite3 v1.14.5 h1:1IdxlwTNazvbKJQSxoJ5/9ECbEeaTTyeU7sEAZ5KKTQ=
github.com/mattn/go-sqlite3 v1.14.5/go.mod h1:WVKg1VTActs4Qso6iwGbiFih2UIHo0ENGwNd0Lj+XmI=
